
Microsoft Visual Studio Solution File, Format Version 12.00
# Visual Studio Version 16
VisualStudioVersion = 16.0.29728.190
MinimumVisualStudioVersion = 10.0.40219.1
Project("{2150E333-8FDC-42A3-9474-1A3956D46DE8}") = "Microservices", "Microservices", "{89576603-A791-442C-8052-B8BCB48BC9F5}"
EndProject
Project("{2150E333-8FDC-42A3-9474-1A3956D46DE8}") = "Domain", "Domain", "{3242B189-1D96-427C-BADF-CBAD0BA12C65}"
EndProject
Project("{2150E333-8FDC-42A3-9474-1A3956D46DE8}") = "Infra.Bus", "Infra.Bus", "{EB1CE4C4-79A5-4ABB-972B-484606337030}"
EndProject
Project("{2150E333-8FDC-42A3-9474-1A3956D46DE8}") = "Infra.IOC", "Infra.IOC", "{95F4902F-B518-4304-AAFB-773FFD39A4F8}"
EndProject
Project("{2150E333-8FDC-42A3-9474-1A3956D46DE8}") = "Presentation", "Presentation", "{F6AB8EFE-BE97-4AE5-B0B2-D68B3629029B}"
EndProject
Project("{FAE04EC0-301F-11D3-BF4B-00C04F79EFBC}") = "MicroRabbitMQ.Domain.Core", "MicroRabbitMQ.Domain.Core\MicroRabbitMQ.Domain.Core.csproj", "{B4CD8B61-1588-43C9-A264-E9C8D2DFAD2C}"
EndProject
Project("{FAE04EC0-301F-11D3-BF4B-00C04F79EFBC}") = "MicroRabbitMQ.Infra.Bus", "MicroRabbitMQ.Infra.Bus\MicroRabbitMQ.Infra.Bus.csproj", "{B3DDBCD0-445F-429C-8C7A-B12A070DDB85}"
EndProject
Global
	GlobalSection(SolutionConfigurationPlatforms) = preSolution
		Debug|Any CPU = Debug|Any CPU
		Release|Any CPU = Release|Any CPU
	EndGlobalSection
	GlobalSection(ProjectConfigurationPlatforms) = postSolution
		{B4CD8B61-1588-43C9-A264-E9C8D2DFAD2C}.Debug|Any CPU.ActiveCfg = Debug|Any CPU
		{B4CD8B61-1588-43C9-A264-E9C8D2DFAD2C}.Debug|Any CPU.Build.0 = Debug|Any CPU
		{B4CD8B61-1588-43C9-A264-E9C8D2DFAD2C}.Release|Any CPU.ActiveCfg = Release|Any CPU
		{B4CD8B61-1588-43C9-A264-E9C8D2DFAD2C}.Release|Any CPU.Build.0 = Release|Any CPU
		{B3DDBCD0-445F-429C-8C7A-B12A070DDB85}.Debug|Any CPU.ActiveCfg = Debug|Any CPU
		{B3DDBCD0-445F-429C-8C7A-B12A070DDB85}.Debug|Any CPU.Build.0 = Debug|Any CPU
		{B3DDBCD0-445F-429C-8C7A-B12A070DDB85}.Release|Any CPU.ActiveCfg = Release|Any CPU
		{B3DDBCD0-445F-429C-8C7A-B12A070DDB85}.Release|Any CPU.Build.0 = Release|Any CPU
	EndGlobalSection
	GlobalSection(SolutionProperties) = preSolution
		HideSolutionNode = FALSE
	EndGlobalSection
	GlobalSection(NestedProjects) = preSolution
		{B4CD8B61-1588-43C9-A264-E9C8D2DFAD2C} = {3242B189-1D96-427C-BADF-CBAD0BA12C65}
		{B3DDBCD0-445F-429C-8C7A-B12A070DDB85} = {EB1CE4C4-79A5-4ABB-972B-484606337030}
	EndGlobalSection
	GlobalSection(ExtensibilityGlobals) = postSolution
		SolutionGuid = {B974CD79-AAEC-4078-93E4-4ECEAA653902}
	EndGlobalSection
EndGlobal
